
Microsoft Visual Studio Solution File, Format Version 12.00
# Visual Studio 15
VisualStudioVersion = 15.0.27130.2010
MinimumVisualStudioVersion = 10.0.40219.1
Project("{9A19103F-16F7-4668-BE54-9A1E7A4F7556}") = "RazorPagesMovie", "RazorPagesMovie\RazorPagesMovie.csproj", "{25AE4642-D266-4579-8B6D-471E38032B3B}"
EndProject
Project("{2150E333-8FDC-42A3-9474-1A3956D46DE8}") = "Solution Items", "Solution Items", "{43547AB3-35B9-40CC-9934-078811BB2A8B}"
	ProjectSection(SolutionItems) = preProject
		Readme.md = Readme.md
	EndProjectSection
EndProject
Global
	GlobalSection(SolutionConfigurationPlatforms) = preSolution
		Debug|Any CPU = Debug|Any CPU
		Release|Any CPU = Release|Any CPU
	EndGlobalSection
	GlobalSection(ProjectConfigurationPlatforms) = postSolution
		{25AE4642-D266-4579-8B6D-471E38032B3B}.Debug|Any CPU.ActiveCfg = Debug|Any CPU
		{25AE4642-D266-4579-8B6D-471E38032B3B}.Debug|Any CPU.Build.0 = Debug|Any CPU
		{25AE4642-D266-4579-8B6D-471E38032B3B}.Release|Any CPU.ActiveCfg = Release|Any CPU
		{25AE4642-D266-4579-8B6D-471E38032B3B}.Release|Any CPU.Build.0 = Release|Any CPU
	EndGlobalSection
	GlobalSection(SolutionProperties) = preSolution
		HideSolutionNode = FALSE
	EndGlobalSection
	GlobalSection(ExtensibilityGlobals) = postSolution
		SolutionGuid = {20D77CD5-E495-48AB-AEA6-A6A8F2B6302C}
	EndGlobalSection
EndGlobal
